<?xml version="1.0" encoding="utf-8"?>
<Project ToolsVersion="4.0" xmlns="http://schemas.microsoft.com/developer/msbuild/2003">
  <ItemGroup>
    <Filter Include="win32">
      <UniqueIdentifier>{84a8ebd7-7cf0-47f6-b75e-d441df67da40}</UniqueIdentifier>
    </Filter>
    <Filter Include="Classes">
      <UniqueIdentifier>{bb6c862e-70e9-49d9-81b7-3829a6f50471}</UniqueIdentifier>
    </Filter>
    <Filter Include="Classes\Logic">
      <UniqueIdentifier>{4913f8c7-f3a0-44f3-81dd-531a146dd3c9}</UniqueIdentifier>
    </Filter>
  </ItemGroup>
  <ItemGroup>
    <ClCompile Include="main.cpp">
      <Filter>win32</Filter>
    </ClCompile>
    <ClCompile Include="..\Classes\AppDelegate.cpp">
      <Filter>Classes</Filter>
    </ClCompile>
    <ClCompile Include="..\Classes\BattleScene.cpp">
      <Filter>Classes</Filter>
    </ClCompile>
    <ClCompile Include="..\Classes\Logic\Action.cpp">
      <Filter>Classes\Logic</Filter>
    </ClCompile>
    <ClCompile Include="..\Classes\Logic\Application.cpp">
      <Filter>Classes\Logic</Filter>
    </ClCompile>
    <ClCompile Include="..\Classes\Logic\Base.cpp">
      <Filter>Classes\Logic</Filter>
    </ClCompile>
    <ClCompile Include="..\Classes\Logic\Draw.cpp">
      <Filter>Classes\Logic</Filter>
    </ClCompile>
    <ClCompile Include="..\Classes\Logic\Item.cpp">
      <Filter>Classes\Logic</Filter>
    </ClCompile>
    <ClCompile Include="..\Classes\Logic\Level.cpp">
      <Filter>Classes\Logic</Filter>
    </ClCompile>
    <ClCompile Include="..\Classes\Logic\MultiRefObject.cpp">
      <Filter>Classes\Logic</Filter>
    </ClCompile>
    <ClCompile Include="..\Classes\Logic\Unit.cpp">
      <Filter>Classes\Logic</Filter>
    </ClCompile>
    <ClCompile Include="..\Classes\GameControl.cpp">
      <Filter>Classes</Filter>
    </ClCompile>
    <ClCompile Include="..\Classes\ActionForCC.cpp">
      <Filter>Classes</Filter>
    </ClCompile>
    <ClCompile Include="..\Classes\DrawForCC.cpp">
      <Filter>Classes</Filter>
    </ClCompile>
    <ClCompile Include="..\Classes\Logic\Ability.cpp">
      <Filter>Classes\Logic</Filter>
    </ClCompile>
    <ClCompile Include="..\Classes\Logic\BingAbility.cpp">
      <Filter>Classes\Logic</Filter>
    </ClCompile>
  </ItemGroup>
  <ItemGroup>
    <ClInclude Include="main.h">
      <Filter>win32</Filter>
    </ClInclude>
    <ClInclude Include="..\Classes\AppDelegate.h">
      <Filter>Classes</Filter>
    </ClInclude>
    <ClInclude Include="..\Classes\BattleScene.h">
      <Filter>Classes</Filter>
    </ClInclude>
    <ClInclude Include="..\Classes\Logic\Action.h">
      <Filter>Classes\Logic</Filter>
    </ClInclude>
    <ClInclude Include="..\Classes\Logic\Application.h">
      <Filter>Classes\Logic</Filter>
    </ClInclude>
    <ClInclude Include="..\Classes\Logic\Base.h">
      <Filter>Classes\Logic</Filter>
    </ClInclude>
    <ClInclude Include="..\Classes\Logic\CommDef.h">
      <Filter>Classes\Logic</Filter>
    </ClInclude>
    <ClInclude Include="..\Classes\Logic\CommInc.h">
      <Filter>Classes\Logic</Filter>
    </ClInclude>
    <ClInclude Include="..\Classes\Logic\Draw.h">
      <Filter>Classes\Logic</Filter>
    </ClInclude>
    <ClInclude Include="..\Classes\Logic\Item.h">
      <Filter>Classes\Logic</Filter>
    </ClInclude>
    <ClInclude Include="..\Classes\Logic\Level.h">
      <Filter>Classes\Logic</Filter>
    </ClInclude>
    <ClInclude Include="..\Classes\Logic\MultiRefObject.h">
      <Filter>Classes\Logic</Filter>
    </ClInclude>
    <ClInclude Include="..\Classes\Logic\Unit.h">
      <Filter>Classes\Logic</Filter>
    </ClInclude>
    <ClInclude Include="..\Classes\CommHeader.h">
      <Filter>Classes</Filter>
    </ClInclude>
    <ClInclude Include="..\Classes\GameControl.h">
      <Filter>Classes</Filter>
    </ClInclude>
    <ClInclude Include="..\Classes\ActionForCC.h">
      <Filter>Classes</Filter>
    </ClInclude>
    <ClInclude Include="..\Classes\DrawForCC.h">
      <Filter>Classes</Filter>
    </ClInclude>
    <ClInclude Include="..\Classes\Logic\Ability.h">
      <Filter>Classes\Logic</Filter>
    </ClInclude>
    <ClInclude Include="..\Classes\Logic\BingAbility.h">
      <Filter>Classes\Logic</Filter>
    </ClInclude>
  </ItemGroup>
</Project>